
Microsoft Visual Studio Solution File, Format Version 12.00
# Visual Studio Version 17
VisualStudioVersion = 17.4.33213.308
MinimumVisualStudioVersion = 10.0.40219.1
Project("{8BC9CEB8-8B4A-11D0-8D11-00A0C91BC942}") = "CPP5", "CPP5.vcxproj", "{B7A47470-B90C-4C0F-BCE6-EBB4B14B8A55}"
EndProject
Global
	GlobalSection(SolutionConfigurationPlatforms) = preSolution
		Debug|x64 = Debug|x64
		Debug|x86 = Debug|x86
		Release|x64 = Release|x64
		Release|x86 = Release|x86
	EndGlobalSection
	GlobalSection(ProjectConfigurationPlatforms) = postSolution
		{B7A47470-B90C-4C0F-BCE6-EBB4B14B8A55}.Debug|x64.ActiveCfg = Debug|x64
		{B7A47470-B90C-4C0F-BCE6-EBB4B14B8A55}.Debug|x64.Build.0 = Debug|x64
		{B7A47470-B90C-4C0F-BCE6-EBB4B14B8A55}.Debug|x86.ActiveCfg = Debug|Win32
		{B7A47470-B90C-4C0F-BCE6-EBB4B14B8A55}.Debug|x86.Build.0 = Debug|Win32
		{B7A47470-B90C-4C0F-BCE6-EBB4B14B8A55}.Release|x64.ActiveCfg = Release|x64
		{B7A47470-B90C-4C0F-BCE6-EBB4B14B8A55}.Release|x64.Build.0 = Release|x64
		{B7A47470-B90C-4C0F-BCE6-EBB4B14B8A55}.Release|x86.ActiveCfg = Release|Win32
		{B7A47470-B90C-4C0F-BCE6-EBB4B14B8A55}.Release|x86.Build.0 = Release|Win32
	EndGlobalSection
	GlobalSection(SolutionProperties) = preSolution
		HideSolutionNode = FALSE
	EndGlobalSection
	GlobalSection(ExtensibilityGlobals) = postSolution
		SolutionGuid = {22B5C426-270C-4191-B3CA-A7E9E2252CD0}
	EndGlobalSection
EndGlobal
